// !$*UTF8*$!
{
	archiveVersion = 1;
	classes = {
	};
	objectVersion = 50;
	objects = {

/* Begin PBXBuildFile section */
		901A11BA21D8993B0080BE85 /* AppDelegate.swift in Sources */ = {isa = PBXBuildFile; fileRef = 901A11B921D8993B0080BE85 /* AppDelegate.swift */; };
		901A11BC21D8993B0080BE85 /* TodoListViewController.swift in Sources */ = {isa = PBXBuildFile; fileRef = 901A11BB21D8993B0080BE85 /* TodoListViewController.swift */; };
		901A11BF21D8993B0080BE85 /* Main.storyboard in Resources */ = {isa = PBXBuildFile; fileRef = 901A11BD21D8993B0080BE85 /* Main.storyboard */; };
		901A11C121D8993C0080BE85 /* Assets.xcassets in Resources */ = {isa = PBXBuildFile; fileRef = 901A11C021D8993C0080BE85 /* Assets.xcassets */; };
		901A11C421D8993C0080BE85 /* LaunchScreen.storyboard in Resources */ = {isa = PBXBuildFile; fileRef = 901A11C221D8993C0080BE85 /* LaunchScreen.storyboard */; };
		9059276621E0D11700406098 /* DataModel.xcdatamodeld in Sources */ = {isa = PBXBuildFile; fileRef = 9059276421E0D11700406098 /* DataModel.xcdatamodeld */; };
		90965E5A21E1AFAE00A91565 /* CategoryViewController.swift in Sources */ = {isa = PBXBuildFile; fileRef = 90965E5921E1AFAE00A91565 /* CategoryViewController.swift */; };
/* End PBXBuildFile section */

/* Begin PBXFileReference section */
		901A11B621D8993B0080BE85 /* TODO.app */ = {isa = PBXFileReference; explicitFileType = wrapper.application; includeInIndex = 0; path = TODO.app; sourceTree = BUILT_PRODUCTS_DIR; };
		901A11B921D8993B0080BE85 /* AppDelegate.swift */ = {isa = PBXFileReference; lastKnownFileType = sourcecode.swift; path = AppDelegate.swift; sourceTree = "<group>"; };
		901A11BB21D8993B0080BE85 /* TodoListViewController.swift */ = {isa = PBXFileReference; lastKnownFileType = sourcecode.swift; path = TodoListViewController.swift; sourceTree = "<group>"; };
		901A11BE21D8993B0080BE85 /* Base */ = {isa = PBXFileReference; lastKnownFileType = file.storyboard; name = Base; path = Base.lproj/Main.storyboard; sourceTree = "<group>"; };
		901A11C021D8993C0080BE85 /* Assets.xcassets */ = {isa = PBXFileReference; lastKnownFileType = folder.assetcatalog; path = Assets.xcassets; sourceTree = "<group>"; };
		901A11C321D8993C0080BE85 /* Base */ = {isa = PBXFileReference; lastKnownFileType = file.storyboard; name = Base; path = Base.lproj/LaunchScreen.storyboard; sourceTree = "<group>"; };
		901A11C521D8993C0080BE85 /* Info.plist */ = {isa = PBXFileReference; lastKnownFileType = text.plist.xml; path = Info.plist; sourceTree = "<group>"; };
		9059276521E0D11700406098 /* DataModel.xcdatamodel */ = {isa = PBXFileReference; lastKnownFileType = wrapper.xcdatamodel; path = DataModel.xcdatamodel; sourceTree = "<group>"; };
		90965E5921E1AFAE00A91565 /* CategoryViewController.swift */ = {isa = PBXFileReference; lastKnownFileType = sourcecode.swift; path = CategoryViewController.swift; sourceTree = "<group>"; };
/* End PBXFileReference section */

/* Begin PBXFrameworksBuildPhase section */
		901A11B321D8993B0080BE85 /* Frameworks */ = {
			isa = PBXFrameworksBuildPhase;
			buildActionMask = 2147483647;
			files = (
			);
			runOnlyForDeploymentPostprocessing = 0;
		};
/* End PBXFrameworksBuildPhase section */

/* Begin PBXGroup section */
		901A11AD21D8993B0080BE85 = {
			isa = PBXGroup;
			children = (
				901A11B821D8993B0080BE85 /* TODO */,
				901A11B721D8993B0080BE85 /* Products */,
			);
			sourceTree = "<group>";
		};
		901A11B721D8993B0080BE85 /* Products */ = {
			isa = PBXGroup;
			children = (
				901A11B621D8993B0080BE85 /* TODO.app */,
			);
			name = Products;
			sourceTree = "<group>";
		};
		901A11B821D8993B0080BE85 /* TODO */ = {
			isa = PBXGroup;
			children = (
				9087E06621E0708C00D8CCE9 /* Supporting Files */,
				9087E06521E0706300D8CCE9 /* Views */,
				9087E06421E0703E00D8CCE9 /* Controllers */,
				9087E06121E06FEA00D8CCE9 /* Data Model */,
				901A11B921D8993B0080BE85 /* AppDelegate.swift */,
				901A11C521D8993C0080BE85 /* Info.plist */,
			);
			path = TODO;
			sourceTree = "<group>";
		};
		9087E06121E06FEA00D8CCE9 /* Data Model */ = {
			isa = PBXGroup;
			children = (
				9059276421E0D11700406098 /* DataModel.xcdatamodeld */,
			);
			path = "Data Model";
			sourceTree = "<group>";
		};
		9087E06421E0703E00D8CCE9 /* Controllers */ = {
			isa = PBXGroup;
			children = (
				901A11BB21D8993B0080BE85 /* TodoListViewController.swift */,
				90965E5921E1AFAE00A91565 /* CategoryViewController.swift */,
			);
			path = Controllers;
			sourceTree = "<group>";
		};
		9087E06521E0706300D8CCE9 /* Views */ = {
			isa = PBXGroup;
			children = (
				901A11BD21D8993B0080BE85 /* Main.storyboard */,
			);
			path = Views;
			sourceTree = "<group>";
		};
		9087E06621E0708C00D8CCE9 /* Supporting Files */ = {
			isa = PBXGroup;
			children = (
				901A11C021D8993C0080BE85 /* Assets.xcassets */,
				901A11C221D8993C0080BE85 /* LaunchScreen.storyboard */,
			);
			path = "Supporting Files";
			sourceTree = "<group>";
		};
/* End PBXGroup section */

/* Begin PBXNativeTarget section */
		901A11B521D8993B0080BE85 /* TODO */ = {
			isa = PBXNativeTarget;
			buildConfigurationList = 901A11C821D8993C0080BE85 /* Build configuration list for PBXNativeTarget "TODO" */;
			buildPhases = (
				901A11B221D8993B0080BE85 /* Sources */,
				901A11B321D8993B0080BE85 /* Frameworks */,
				901A11B421D8993B0080BE85 /* Resources */,
			);
			buildRules = (
			);
			dependencies = (
			);
			name = TODO;
			productName = TODO;
			productReference = 901A11B621D8993B0080BE85 /* TODO.app */;
			productType = "com.apple.product-type.application";
		};
/* End PBXNativeTarget section */

/* Begin PBXProject section */
		901A11AE21D8993B0080BE85 /* Project object */ = {
			isa = PBXProject;
			attributes = {
				LastSwiftUpdateCheck = 0940;
				LastUpgradeCheck = 0940;
				ORGANIZATIONNAME = "超级电脑";
				TargetAttributes = {
					901A11B521D8993B0080BE85 = {
						CreatedOnToolsVersion = 9.4.1;
					};
				};
			};
			buildConfigurationList = 901A11B121D8993B0080BE85 /* Build configuration list for PBXProject "TODO" */;
			compatibilityVersion = "Xcode 9.3";
			developmentRegion = en;
			hasScannedForEncodings = 0;
			knownRegions = (
				en,
				Base,
			);
			mainGroup = 901A11AD21D8993B0080BE85;
			productRefGroup = 901A11B721D8993B0080BE85 /* Products */;
			projectDirPath = "";
			projectRoot = "";
			targets = (
				901A11B521D8993B0080BE85 /* TODO */,
			);
		};
/* End PBXProject section */

/* Begin PBXResourcesBuildPhase section */
		901A11B421D8993B0080BE85 /* Resources */ = {
			isa = PBXResourcesBuildPhase;
			buildActionMask = 2147483647;
			files = (
				901A11C421D8993C0080BE85 /* LaunchScreen.storyboard in Resources */,
				901A11C121D8993C0080BE85 /* Assets.xcassets in Resources */,
				901A11BF21D8993B0080BE85 /* Main.storyboard in Resources */,
			);
			runOnlyForDeploymentPostprocessing = 0;
		};
/* End PBXResourcesBuildPhase section */

/* Begin PBXSourcesBuildPhase section */
		901A11B221D8993B0080BE85 /* Sources */ = {
			isa = PBXSourcesBuildPhase;
			buildActionMask = 2147483647;
			files = (
				901A11BC21D8993B0080BE85 /* TodoListViewController.swift in Sources */,
				9059276621E0D11700406098 /* DataModel.xcdatamodeld in Sources */,
				901A11BA21D8993B0080BE85 /* AppDelegate.swift in Sources */,
				90965E5A21E1AFAE00A91565 /* CategoryViewController.swift in Sources */,
			);
			runOnlyForDeploymentPostprocessing = 0;
		};
/* End PBXSourcesBuildPhase section */

/* Begin PBXVariantGroup section */
		901A11BD21D8993B0080BE85 /* Main.storyboard */ = {
			isa = PBXVariantGroup;
			children = (
				901A11BE21D8993B0080BE85 /* Base */,
			);
			name = Main.storyboard;
			sourceTree = "<group>";
		};
		901A11C221D8993C0080BE85 /* LaunchScreen.storyboard */ = {
			isa = PBXVariantGroup;
			children = (
				901A11C321D8993C0080BE85 /* Base */,
			);
			name = LaunchScreen.storyboard;
			sourceTree = "<group>";
		};
/* End PBXVariantGroup section */

/* Begin XCBuildConfiguration section */
		901A11C621D8993C0080BE85 /* Debug */ = {
			isa = XCBuildConfiguration;
			buildSettings = {
				ALWAYS_SEARCH_USER_PATHS = NO;
				CLANG_ANALYZER_NONNULL = YES;
				CLANG_ANALYZER_NUMBER_OBJECT_CONVERSION = YES_AGGRESSIVE;
				CLANG_CXX_LANGUAGE_STANDARD = "gnu++14";
				CLANG_CXX_LIBRARY = "libc++";
				CLANG_ENABLE_MODULES = YES;
				CLANG_ENABLE_OBJC_ARC = YES;
				CLANG_ENABLE_OBJC_WEAK = YES;
				CLANG_WARN_BLOCK_CAPTURE_AUTORELEASING = YES;
				CLANG_WARN_BOOL_CONVERSION = YES;
				CLANG_WARN_COMMA = YES;
				CLANG_WARN_CONSTANT_CONVERSION = YES;
				CLANG_WARN_DEPRECATED_OBJC_IMPLEMENTATIONS = YES;
				CLANG_WARN_DIRECT_OBJC_ISA_USAGE = YES_ERROR;
				CLANG_WARN_DOCUMENTATION_COMMENTS = YES;
				CLANG_WARN_EMPTY_BODY = YES;
				CLANG_WARN_ENUM_CONVERSION = YES;
				CLANG_WARN_INFINITE_RECURSION = YES;
				CLANG_WARN_INT_CONVERSION = YES;
				CLANG_WARN_NON_LITERAL_NULL_CONVERSION = YES;
				CLANG_WARN_OBJC_IMPLICIT_RETAIN_SELF = YES;
				CLANG_WARN_OBJC_LITERAL_CONVERSION = YES;
				CLANG_WARN_OBJC_ROOT_CLASS = YES_ERROR;
				CLANG_WARN_RANGE_LOOP_ANALYSIS = YES;
				CLANG_WARN_STRICT_PROTOTYPES = YES;
				CLANG_WARN_SUSPICIOUS_MOVE = YES;
				CLANG_WARN_UNGUARDED_AVAILABILITY = YES_AGGRESSIVE;
				CLANG_WARN_UNREACHABLE_CODE = YES;
				CLANG_WARN__DUPLICATE_METHOD_MATCH = YES;
				CODE_SIGN_IDENTITY = "iPhone Developer";
				COPY_PHASE_STRIP = NO;
				DEBUG_INFORMATION_FORMAT = dwarf;
				ENABLE_STRICT_OBJC_MSGSEND = YES;
				ENABLE_TESTABILITY = YES;
				GCC_C_LANGUAGE_STANDARD = gnu11;
				GCC_DYNAMIC_NO_PIC = NO;
				GCC_NO_COMMON_BLOCKS = YES;
				GCC_OPTIMIZATION_LEVEL = 0;
				GCC_PREPROCESSOR_DEFINITIONS = (
					"DEBUG=1",
					"$(inherited)",
				);
				GCC_WARN_64_TO_32_BIT_CONVERSION = YES;
				GCC_WARN_ABOUT_RETURN_TYPE = YES_ERROR;
				GCC_WARN_UNDECLARED_SELECTOR = YES;
				GCC_WARN_UNINITIALIZED_AUTOS = YES_AGGRESSIVE;
				GCC_WARN_UNUSED_FUNCTION = YES;
				GCC_WARN_UNUSED_VARIABLE = YES;
				IPHONEOS_DEPLOYMENT_TARGET = 11.4;
				MTL_ENABLE_DEBUG_INFO = YES;
				ONLY_ACTIVE_ARCH = YES;
				SDKROOT = iphoneos;
				SWIFT_ACTIVE_COMPILATION_CONDITIONS = DEBUG;
				SWIFT_OPTIMIZATION_LEVEL = "-Onone";
			};
			name = Debug;
		};
		901A11C721D8993C0080BE85 /* Release */ = {
			isa = XCBuildConfiguration;
			buildSettings = {
				ALWAYS_SEARCH_USER_PATHS = NO;
				CLANG_ANALYZER_NONNULL = YES;
				CLANG_ANALYZER_NUMBER_OBJECT_CONVERSION = YES_AGGRESSIVE;
				CLANG_CXX_LANGUAGE_STANDARD = "gnu++14";
				CLANG_CXX_LIBRARY = "libc++";
				CLANG_ENABLE_MODULES = YES;
				CLANG_ENABLE_OBJC_ARC = YES;
				CLANG_ENABLE_OBJC_WEAK = YES;
				CLANG_WARN_BLOCK_CAPTURE_AUTORELEASING = YES;
				CLANG_WARN_BOOL_CONVERSION = YES;
				CLANG_WARN_COMMA = YES;
				CLANG_WARN_CONSTANT_CONVERSION = YES;
				CLANG_WARN_DEPRECATED_OBJC_IMPLEMENTATIONS = YES;
				CLANG_WARN_DIRECT_OBJC_ISA_USAGE = YES_ERROR;
				CLANG_WARN_DOCUMENTATION_COMMENTS = YES;
				CLANG_WARN_EMPTY_BODY = YES;
				CLANG_WARN_ENUM_CONVERSION = YES;
				CLANG_WARN_INFINITE_RECURSION = YES;
				CLANG_WARN_INT_CONVERSION = YES;
				CLANG_WARN_NON_LITERAL_NULL_CONVERSION = YES;
				CLANG_WARN_OBJC_IMPLICIT_RETAIN_SELF = YES;
				CLANG_WARN_OBJC_LITERAL_CONVERSION = YES;
				CLANG_WARN_OBJC_ROOT_CLASS = YES_ERROR;
				CLANG_WARN_RANGE_LOOP_ANALYSIS = YES;
				CLANG_WARN_STRICT_PROTOTYPES = YES;
				CLANG_WARN_SUSPICIOUS_MOVE = YES;
				CLANG_WARN_UNGUARDED_AVAILABILITY = YES_AGGRESSIVE;
				CLANG_WARN_UNREACHABLE_CODE = YES;
				CLANG_WARN__DUPLICATE_METHOD_MATCH = YES;
				CODE_SIGN_IDENTITY = "iPhone Developer";
				COPY_PHASE_STRIP = NO;
				DEBUG_INFORMATION_FORMAT = "dwarf-with-dsym";
				ENABLE_NS_ASSERTIONS = NO;
				ENABLE_STRICT_OBJC_MSGSEND = YES;
				GCC_C_LANGUAGE_STANDARD = gnu11;
				GCC_NO_COMMON_BLOCKS = YES;
				GCC_WARN_64_TO_32_BIT_CONVERSION = YES;
				GCC_WARN_ABOUT_RETURN_TYPE = YES_ERROR;
				GCC_WARN_UNDECLARED_SELECTOR = YES;
				GCC_WARN_UNINITIALIZED_AUTOS = YES_AGGRESSIVE;
				GCC_WARN_UNUSED_FUNCTION = YES;
				GCC_WARN_UNUSED_VARIABLE = YES;
				IPHONEOS_DEPLOYMENT_TARGET = 11.4;
				MTL_ENABLE_DEBUG_INFO = NO;
				SDKROOT = iphoneos;
				SWIFT_COMPILATION_MODE = wholemodule;
				SWIFT_OPTIMIZATION_LEVEL = "-O";
				VALIDATE_PRODUCT = YES;
			};
			name = Release;
		};
		901A11C921D8993C0080BE85 /* Debug */ = {
			isa = XCBuildConfiguration;
			buildSettings = {
				ASSETCATALOG_COMPILER_APPICON_NAME = AppIcon;
				CODE_SIGN_STYLE = Automatic;
				DEVELOPMENT_TEAM = 4224NTVCNT;
				INFOPLIST_FILE = TODO/Info.plist;
				IPHONEOS_DEPLOYMENT_TARGET = 10.3;
				LD_RUNPATH_SEARCH_PATHS = (
					"$(inherited)",
					"@executable_path/Frameworks",
				);
				PRODUCT_BUNDLE_IDENTIFIER = CHN.Bear.TODO;
				PRODUCT_NAME = "$(TARGET_NAME)";
				SWIFT_VERSION = 4.0;
				TARGETED_DEVICE_FAMILY = "1,2";
			};
			name = Debug;
		};
		901A11CA21D8993C0080BE85 /* Release */ = {
			isa = XCBuildConfiguration;
			buildSettings = {
				ASSETCATALOG_COMPILER_APPICON_NAME = AppIcon;
				CODE_SIGN_STYLE = Automatic;
				DEVELOPMENT_TEAM = 4224NTVCNT;
				INFOPLIST_FILE = TODO/Info.plist;
				IPHONEOS_DEPLOYMENT_TARGET = 10.3;
				LD_RUNPATH_SEARCH_PATHS = (
					"$(inherited)",
					"@executable_path/Frameworks",
				);
				PRODUCT_BUNDLE_IDENTIFIER = CHN.Bear.TODO;
				PRODUCT_NAME = "$(TARGET_NAME)";
				SWIFT_VERSION = 4.0;
				TARGETED_DEVICE_FAMILY = "1,2";
			};
			name = Release;
		};
/* End XCBuildConfiguration section */

/* Begin XCConfigurationList section */
		901A11B121D8993B0080BE85 /* Build configuration list for PBXProject "TODO" */ = {
			isa = XCConfigurationList;
			buildConfigurations = (
				901A11C621D8993C0080BE85 /* Debug */,
				901A11C721D8993C0080BE85 /* Release */,
			);
			defaultConfigurationIsVisible = 0;
			defaultConfigurationName = Release;
		};
		901A11C821D8993C0080BE85 /* Build configuration list for PBXNativeTarget "TODO" */ = {
			isa = XCConfigurationList;
			buildConfigurations = (
				901A11C921D8993C0080BE85 /* Debug */,
				901A11CA21D8993C0080BE85 /* Release */,
			);
			defaultConfigurationIsVisible = 0;
			defaultConfigurationName = Release;
		};
/* End XCConfigurationList section */

/* Begin XCVersionGroup section */
		9059276421E0D11700406098 /* DataModel.xcdatamodeld */ = {
			isa = XCVersionGroup;
			children = (
				9059276521E0D11700406098 /* DataModel.xcdatamodel */,
			);
			currentVersion = 9059276521E0D11700406098 /* DataModel.xcdatamodel */;
			path = DataModel.xcdatamodeld;
			sourceTree = "<group>";
			versionGroupType = wrapper.xcdatamodel;
		};
/* End XCVersionGroup section */
	};
	rootObject = 901A11AE21D8993B0080BE85 /* Project object */;
}
